// !$*UTF8*$!
{
	archiveVersion = 1;
	classes = {
	};
	objectVersion = 50;
	objects = {

/* Begin PBXBuildFile section */
		D39CCCE824ABB0E200A8FA8A /* NewTaskView.swift in Sources */ = {isa = PBXBuildFile; fileRef = D39CCCE724ABB0E200A8FA8A /* NewTaskView.swift */; };
		D39CCCEB24ACF5C600A8FA8A /* RowView.swift in Sources */ = {isa = PBXBuildFile; fileRef = D39CCCEA24ACF5C600A8FA8A /* RowView.swift */; };
		D39CCCED24ACF9CD00A8FA8A /* TaskEditingView.swift in Sources */ = {isa = PBXBuildFile; fileRef = D39CCCEC24ACF9CD00A8FA8A /* TaskEditingView.swift */; };
		D39CCCEF24AD04A800A8FA8A /* Task.Priority.swift in Sources */ = {isa = PBXBuildFile; fileRef = D39CCCEE24AD04A800A8FA8A /* Task.Priority.swift */; };
		D39CCCF324AD05D300A8FA8A /* TaskStore.PrioritizedTasks.swift in Sources */ = {isa = PBXBuildFile; fileRef = D39CCCF224AD05D300A8FA8A /* TaskStore.PrioritizedTasks.swift */; };
		D3FE890E24AA53C90011CE32 /* AppDelegate.swift in Sources */ = {isa = PBXBuildFile; fileRef = D3FE890D24AA53C90011CE32 /* AppDelegate.swift */; };
		D3FE891024AA53C90011CE32 /* SceneDelegate.swift in Sources */ = {isa = PBXBuildFile; fileRef = D3FE890F24AA53C90011CE32 /* SceneDelegate.swift */; };
		D3FE891224AA53C90011CE32 /* ContentView.swift in Sources */ = {isa = PBXBuildFile; fileRef = D3FE891124AA53C90011CE32 /* ContentView.swift */; };
		D3FE891424AA53CD0011CE32 /* Assets.xcassets in Resources */ = {isa = PBXBuildFile; fileRef = D3FE891324AA53CD0011CE32 /* Assets.xcassets */; };
		D3FE891724AA53CD0011CE32 /* Preview Assets.xcassets in Resources */ = {isa = PBXBuildFile; fileRef = D3FE891624AA53CD0011CE32 /* Preview Assets.xcassets */; };
		D3FE891A24AA53CD0011CE32 /* LaunchScreen.storyboard in Resources */ = {isa = PBXBuildFile; fileRef = D3FE891824AA53CD0011CE32 /* LaunchScreen.storyboard */; };
		D3FE892224AA552D0011CE32 /* Task.swift in Sources */ = {isa = PBXBuildFile; fileRef = D3FE892124AA552D0011CE32 /* Task.swift */; };
		D3FE892624AA593D0011CE32 /* TaskStore.swift in Sources */ = {isa = PBXBuildFile; fileRef = D3FE892524AA593D0011CE32 /* TaskStore.swift */; };
/* End PBXBuildFile section */

/* Begin PBXFileReference section */
		D39CCCE724ABB0E200A8FA8A /* NewTaskView.swift */ = {isa = PBXFileReference; lastKnownFileType = sourcecode.swift; path = NewTaskView.swift; sourceTree = "<group>"; };
		D39CCCEA24ACF5C600A8FA8A /* RowView.swift */ = {isa = PBXFileReference; lastKnownFileType = sourcecode.swift; path = RowView.swift; sourceTree = "<group>"; };
		D39CCCEC24ACF9CD00A8FA8A /* TaskEditingView.swift */ = {isa = PBXFileReference; lastKnownFileType = sourcecode.swift; path = TaskEditingView.swift; sourceTree = "<group>"; };
		D39CCCEE24AD04A800A8FA8A /* Task.Priority.swift */ = {isa = PBXFileReference; lastKnownFileType = sourcecode.swift; path = Task.Priority.swift; sourceTree = "<group>"; };
		D39CCCF224AD05D300A8FA8A /* TaskStore.PrioritizedTasks.swift */ = {isa = PBXFileReference; lastKnownFileType = sourcecode.swift; path = TaskStore.PrioritizedTasks.swift; sourceTree = "<group>"; };
		D3FE890A24AA53C90011CE32 /* TaskList.app */ = {isa = PBXFileReference; explicitFileType = wrapper.application; includeInIndex = 0; path = TaskList.app; sourceTree = BUILT_PRODUCTS_DIR; };
		D3FE890D24AA53C90011CE32 /* AppDelegate.swift */ = {isa = PBXFileReference; lastKnownFileType = sourcecode.swift; path = AppDelegate.swift; sourceTree = "<group>"; };
		D3FE890F24AA53C90011CE32 /* SceneDelegate.swift */ = {isa = PBXFileReference; lastKnownFileType = sourcecode.swift; path = SceneDelegate.swift; sourceTree = "<group>"; };
		D3FE891124AA53C90011CE32 /* ContentView.swift */ = {isa = PBXFileReference; lastKnownFileType = sourcecode.swift; path = ContentView.swift; sourceTree = "<group>"; };
		D3FE891324AA53CD0011CE32 /* Assets.xcassets */ = {isa = PBXFileReference; lastKnownFileType = folder.assetcatalog; path = Assets.xcassets; sourceTree = "<group>"; };
		D3FE891624AA53CD0011CE32 /* Preview Assets.xcassets */ = {isa = PBXFileReference; lastKnownFileType = folder.assetcatalog; path = "Preview Assets.xcassets"; sourceTree = "<group>"; };
		D3FE891924AA53CD0011CE32 /* Base */ = {isa = PBXFileReference; lastKnownFileType = file.storyboard; name = Base; path = Base.lproj/LaunchScreen.storyboard; sourceTree = "<group>"; };
		D3FE891B24AA53CD0011CE32 /* Info.plist */ = {isa = PBXFileReference; lastKnownFileType = text.plist.xml; path = Info.plist; sourceTree = "<group>"; };
		D3FE892124AA552D0011CE32 /* Task.swift */ = {isa = PBXFileReference; lastKnownFileType = sourcecode.swift; path = Task.swift; sourceTree = "<group>"; };
		D3FE892524AA593D0011CE32 /* TaskStore.swift */ = {isa = PBXFileReference; lastKnownFileType = sourcecode.swift; path = TaskStore.swift; sourceTree = "<group>"; };
/* End PBXFileReference section */

/* Begin PBXFrameworksBuildPhase section */
		D3FE890724AA53C90011CE32 /* Frameworks */ = {
			isa = PBXFrameworksBuildPhase;
			buildActionMask = 2147483647;
			files = (
			);
			runOnlyForDeploymentPostprocessing = 0;
		};
/* End PBXFrameworksBuildPhase section */

/* Begin PBXGroup section */
		D39CCCE924ABB0F000A8FA8A /* Views */ = {
			isa = PBXGroup;
			children = (
				D3FE891124AA53C90011CE32 /* ContentView.swift */,
				D39CCCEA24ACF5C600A8FA8A /* RowView.swift */,
				D39CCCE724ABB0E200A8FA8A /* NewTaskView.swift */,
				D39CCCEC24ACF9CD00A8FA8A /* TaskEditingView.swift */,
			);
			path = Views;
			sourceTree = "<group>";
		};
		D3FE890124AA53C90011CE32 = {
			isa = PBXGroup;
			children = (
				D3FE890C24AA53C90011CE32 /* TaskList */,
				D3FE890B24AA53C90011CE32 /* Products */,
			);
			sourceTree = "<group>";
		};
		D3FE890B24AA53C90011CE32 /* Products */ = {
			isa = PBXGroup;
			children = (
				D3FE890A24AA53C90011CE32 /* TaskList.app */,
			);
			name = Products;
			sourceTree = "<group>";
		};
		D3FE890C24AA53C90011CE32 /* TaskList */ = {
			isa = PBXGroup;
			children = (
				D3FE890D24AA53C90011CE32 /* AppDelegate.swift */,
				D3FE890F24AA53C90011CE32 /* SceneDelegate.swift */,
				D39CCCE924ABB0F000A8FA8A /* Views */,
				D3FE892424AA572F0011CE32 /* Models */,
				D3FE891324AA53CD0011CE32 /* Assets.xcassets */,
				D3FE891824AA53CD0011CE32 /* LaunchScreen.storyboard */,
				D3FE891B24AA53CD0011CE32 /* Info.plist */,
				D3FE891524AA53CD0011CE32 /* Preview Content */,
			);
			path = TaskList;
			sourceTree = "<group>";
		};
		D3FE891524AA53CD0011CE32 /* Preview Content */ = {
			isa = PBXGroup;
			children = (
				D3FE891624AA53CD0011CE32 /* Preview Assets.xcassets */,
			);
			path = "Preview Content";
			sourceTree = "<group>";
		};
		D3FE892424AA572F0011CE32 /* Models */ = {
			isa = PBXGroup;
			children = (
				D3FE892124AA552D0011CE32 /* Task.swift */,
				D39CCCEE24AD04A800A8FA8A /* Task.Priority.swift */,
				D39CCCF224AD05D300A8FA8A /* TaskStore.PrioritizedTasks.swift */,
				D3FE892524AA593D0011CE32 /* TaskStore.swift */,
			);
			path = Models;
			sourceTree = "<group>";
		};
/* End PBXGroup section */

/* Begin PBXNativeTarget section */
		D3FE890924AA53C90011CE32 /* TaskList */ = {
			isa = PBXNativeTarget;
			buildConfigurationList = D3FE891E24AA53CD0011CE32 /* Build configuration list for PBXNativeTarget "TaskList" */;
			buildPhases = (
				D3FE890624AA53C90011CE32 /* Sources */,
				D3FE890724AA53C90011CE32 /* Frameworks */,
				D3FE890824AA53C90011CE32 /* Resources */,
			);
			buildRules = (
			);
			dependencies = (
			);
			name = TaskList;
			productName = TaskList;
			productReference = D3FE890A24AA53C90011CE32 /* TaskList.app */;
			productType = "com.apple.product-type.application";
		};
/* End PBXNativeTarget section */

/* Begin PBXProject section */
		D3FE890224AA53C90011CE32 /* Project object */ = {
			isa = PBXProject;
			attributes = {
				LastSwiftUpdateCheck = 1150;
				LastUpgradeCheck = 1150;
				ORGANIZATIONNAME = "Tissiana Alves";
				TargetAttributes = {
					D3FE890924AA53C90011CE32 = {
						CreatedOnToolsVersion = 11.5;
					};
				};
			};
			buildConfigurationList = D3FE890524AA53C90011CE32 /* Build configuration list for PBXProject "TaskList" */;
			compatibilityVersion = "Xcode 9.3";
			developmentRegion = en;
			hasScannedForEncodings = 0;
			knownRegions = (
				en,
				Base,
			);
			mainGroup = D3FE890124AA53C90011CE32;
			productRefGroup = D3FE890B24AA53C90011CE32 /* Products */;
			projectDirPath = "";
			projectRoot = "";
			targets = (
				D3FE890924AA53C90011CE32 /* TaskList */,
			);
		};
/* End PBXProject section */

/* Begin PBXResourcesBuildPhase section */
		D3FE890824AA53C90011CE32 /* Resources */ = {
			isa = PBXResourcesBuildPhase;
			buildActionMask = 2147483647;
			files = (
				D3FE891A24AA53CD0011CE32 /* LaunchScreen.storyboard in Resources */,
				D3FE891724AA53CD0011CE32 /* Preview Assets.xcassets in Resources */,
				D3FE891424AA53CD0011CE32 /* Assets.xcassets in Resources */,
			);
			runOnlyForDeploymentPostprocessing = 0;
		};
/* End PBXResourcesBuildPhase section */

/* Begin PBXSourcesBuildPhase section */
		D3FE890624AA53C90011CE32 /* Sources */ = {
			isa = PBXSourcesBuildPhase;
			buildActionMask = 2147483647;
			files = (
				D3FE892624AA593D0011CE32 /* TaskStore.swift in Sources */,
				D39CCCEF24AD04A800A8FA8A /* Task.Priority.swift in Sources */,
				D3FE892224AA552D0011CE32 /* Task.swift in Sources */,
				D39CCCED24ACF9CD00A8FA8A /* TaskEditingView.swift in Sources */,
				D39CCCEB24ACF5C600A8FA8A /* RowView.swift in Sources */,
				D39CCCE824ABB0E200A8FA8A /* NewTaskView.swift in Sources */,
				D3FE890E24AA53C90011CE32 /* AppDelegate.swift in Sources */,
				D3FE891024AA53C90011CE32 /* SceneDelegate.swift in Sources */,
				D39CCCF324AD05D300A8FA8A /* TaskStore.PrioritizedTasks.swift in Sources */,
				D3FE891224AA53C90011CE32 /* ContentView.swift in Sources */,
			);
			runOnlyForDeploymentPostprocessing = 0;
		};
/* End PBXSourcesBuildPhase section */

/* Begin PBXVariantGroup section */
		D3FE891824AA53CD0011CE32 /* LaunchScreen.storyboard */ = {
			isa = PBXVariantGroup;
			children = (
				D3FE891924AA53CD0011CE32 /* Base */,
			);
			name = LaunchScreen.storyboard;
			sourceTree = "<group>";
		};
/* End PBXVariantGroup section */

/* Begin XCBuildConfiguration section */
		D3FE891C24AA53CD0011CE32 /* Debug */ = {
			isa = XCBuildConfiguration;
			buildSettings = {
				ALWAYS_SEARCH_USER_PATHS = NO;
				CLANG_ANALYZER_NONNULL = YES;
				CLANG_ANALYZER_NUMBER_OBJECT_CONVERSION = YES_AGGRESSIVE;
				CLANG_CXX_LANGUAGE_STANDARD = "gnu++14";
				CLANG_CXX_LIBRARY = "libc++";
				CLANG_ENABLE_MODULES = YES;
				CLANG_ENABLE_OBJC_ARC = YES;
				CLANG_ENABLE_OBJC_WEAK = YES;
				CLANG_WARN_BLOCK_CAPTURE_AUTORELEASING = YES;
				CLANG_WARN_BOOL_CONVERSION = YES;
				CLANG_WARN_COMMA = YES;
				CLANG_WARN_CONSTANT_CONVERSION = YES;
				CLANG_WARN_DEPRECATED_OBJC_IMPLEMENTATIONS = YES;
				CLANG_WARN_DIRECT_OBJC_ISA_USAGE = YES_ERROR;
				CLANG_WARN_DOCUMENTATION_COMMENTS = YES;
				CLANG_WARN_EMPTY_BODY = YES;
				CLANG_WARN_ENUM_CONVERSION = YES;
				CLANG_WARN_INFINITE_RECURSION = YES;
				CLANG_WARN_INT_CONVERSION = YES;
				CLANG_WARN_NON_LITERAL_NULL_CONVERSION = YES;
				CLANG_WARN_OBJC_IMPLICIT_RETAIN_SELF = YES;
				CLANG_WARN_OBJC_LITERAL_CONVERSION = YES;
				CLANG_WARN_OBJC_ROOT_CLASS = YES_ERROR;
				CLANG_WARN_RANGE_LOOP_ANALYSIS = YES;
				CLANG_WARN_STRICT_PROTOTYPES = YES;
				CLANG_WARN_SUSPICIOUS_MOVE = YES;
				CLANG_WARN_UNGUARDED_AVAILABILITY = YES_AGGRESSIVE;
				CLANG_WARN_UNREACHABLE_CODE = YES;
				CLANG_WARN__DUPLICATE_METHOD_MATCH = YES;
				COPY_PHASE_STRIP = NO;
				DEBUG_INFORMATION_FORMAT = dwarf;
				ENABLE_STRICT_OBJC_MSGSEND = YES;
				ENABLE_TESTABILITY = YES;
				GCC_C_LANGUAGE_STANDARD = gnu11;
				GCC_DYNAMIC_NO_PIC = NO;
				GCC_NO_COMMON_BLOCKS = YES;
				GCC_OPTIMIZATION_LEVEL = 0;
				GCC_PREPROCESSOR_DEFINITIONS = (
					"DEBUG=1",
					"$(inherited)",
				);
				GCC_WARN_64_TO_32_BIT_CONVERSION = YES;
				GCC_WARN_ABOUT_RETURN_TYPE = YES_ERROR;
				GCC_WARN_UNDECLARED_SELECTOR = YES;
				GCC_WARN_UNINITIALIZED_AUTOS = YES_AGGRESSIVE;
				GCC_WARN_UNUSED_FUNCTION = YES;
				GCC_WARN_UNUSED_VARIABLE = YES;
				IPHONEOS_DEPLOYMENT_TARGET = 13.5;
				MTL_ENABLE_DEBUG_INFO = INCLUDE_SOURCE;
				MTL_FAST_MATH = YES;
				ONLY_ACTIVE_ARCH = YES;
				SDKROOT = iphoneos;
				SWIFT_ACTIVE_COMPILATION_CONDITIONS = DEBUG;
				SWIFT_OPTIMIZATION_LEVEL = "-Onone";
			};
			name = Debug;
		};
		D3FE891D24AA53CD0011CE32 /* Release */ = {
			isa = XCBuildConfiguration;
			buildSettings = {
				ALWAYS_SEARCH_USER_PATHS = NO;
				CLANG_ANALYZER_NONNULL = YES;
				CLANG_ANALYZER_NUMBER_OBJECT_CONVERSION = YES_AGGRESSIVE;
				CLANG_CXX_LANGUAGE_STANDARD = "gnu++14";
				CLANG_CXX_LIBRARY = "libc++";
				CLANG_ENABLE_MODULES = YES;
				CLANG_ENABLE_OBJC_ARC = YES;
				CLANG_ENABLE_OBJC_WEAK = YES;
				CLANG_WARN_BLOCK_CAPTURE_AUTORELEASING = YES;
				CLANG_WARN_BOOL_CONVERSION = YES;
				CLANG_WARN_COMMA = YES;
				CLANG_WARN_CONSTANT_CONVERSION = YES;
				CLANG_WARN_DEPRECATED_OBJC_IMPLEMENTATIONS = YES;
				CLANG_WARN_DIRECT_OBJC_ISA_USAGE = YES_ERROR;
				CLANG_WARN_DOCUMENTATION_COMMENTS = YES;
				CLANG_WARN_EMPTY_BODY = YES;
				CLANG_WARN_ENUM_CONVERSION = YES;
				CLANG_WARN_INFINITE_RECURSION = YES;
				CLANG_WARN_INT_CONVERSION = YES;
				CLANG_WARN_NON_LITERAL_NULL_CONVERSION = YES;
				CLANG_WARN_OBJC_IMPLICIT_RETAIN_SELF = YES;
				CLANG_WARN_OBJC_LITERAL_CONVERSION = YES;
				CLANG_WARN_OBJC_ROOT_CLASS = YES_ERROR;
				CLANG_WARN_RANGE_LOOP_ANALYSIS = YES;
				CLANG_WARN_STRICT_PROTOTYPES = YES;
				CLANG_WARN_SUSPICIOUS_MOVE = YES;
				CLANG_WARN_UNGUARDED_AVAILABILITY = YES_AGGRESSIVE;
				CLANG_WARN_UNREACHABLE_CODE = YES;
				CLANG_WARN__DUPLICATE_METHOD_MATCH = YES;
				COPY_PHASE_STRIP = NO;
				DEBUG_INFORMATION_FORMAT = "dwarf-with-dsym";
				ENABLE_NS_ASSERTIONS = NO;
				ENABLE_STRICT_OBJC_MSGSEND = YES;
				GCC_C_LANGUAGE_STANDARD = gnu11;
				GCC_NO_COMMON_BLOCKS = YES;
				GCC_WARN_64_TO_32_BIT_CONVERSION = YES;
				GCC_WARN_ABOUT_RETURN_TYPE = YES_ERROR;
				GCC_WARN_UNDECLARED_SELECTOR = YES;
				GCC_WARN_UNINITIALIZED_AUTOS = YES_AGGRESSIVE;
				GCC_WARN_UNUSED_FUNCTION = YES;
				GCC_WARN_UNUSED_VARIABLE = YES;
				IPHONEOS_DEPLOYMENT_TARGET = 13.5;
				MTL_ENABLE_DEBUG_INFO = NO;
				MTL_FAST_MATH = YES;
				SDKROOT = iphoneos;
				SWIFT_COMPILATION_MODE = wholemodule;
				SWIFT_OPTIMIZATION_LEVEL = "-O";
				VALIDATE_PRODUCT = YES;
			};
			name = Release;
		};
		D3FE891F24AA53CD0011CE32 /* Debug */ = {
			isa = XCBuildConfiguration;
			buildSettings = {
				ASSETCATALOG_COMPILER_APPICON_NAME = AppIcon;
				CODE_SIGN_STYLE = Automatic;
				DEVELOPMENT_ASSET_PATHS = "\"TaskList/Preview Content\"";
				DEVELOPMENT_TEAM = V49P55KSJH;
				ENABLE_PREVIEWS = YES;
				INFOPLIST_FILE = TaskList/Info.plist;
				LD_RUNPATH_SEARCH_PATHS = (
					"$(inherited)",
					"@executable_path/Frameworks",
				);
				PRODUCT_BUNDLE_IDENTIFIER = com.tissianaalves.TaskList;
				PRODUCT_NAME = "$(TARGET_NAME)";
				SWIFT_VERSION = 5.0;
				TARGETED_DEVICE_FAMILY = "1,2";
			};
			name = Debug;
		};
		D3FE892024AA53CD0011CE32 /* Release */ = {
			isa = XCBuildConfiguration;
			buildSettings = {
				ASSETCATALOG_COMPILER_APPICON_NAME = AppIcon;
				CODE_SIGN_STYLE = Automatic;
				DEVELOPMENT_ASSET_PATHS = "\"TaskList/Preview Content\"";
				DEVELOPMENT_TEAM = V49P55KSJH;
				ENABLE_PREVIEWS = YES;
				INFOPLIST_FILE = TaskList/Info.plist;
				LD_RUNPATH_SEARCH_PATHS = (
					"$(inherited)",
					"@executable_path/Frameworks",
				);
				PRODUCT_BUNDLE_IDENTIFIER = com.tissianaalves.TaskList;
				PRODUCT_NAME = "$(TARGET_NAME)";
				SWIFT_VERSION = 5.0;
				TARGETED_DEVICE_FAMILY = "1,2";
			};
			name = Release;
		};
/* End XCBuildConfiguration section */

/* Begin XCConfigurationList section */
		D3FE890524AA53C90011CE32 /* Build configuration list for PBXProject "TaskList" */ = {
			isa = XCConfigurationList;
			buildConfigurations = (
				D3FE891C24AA53CD0011CE32 /* Debug */,
				D3FE891D24AA53CD0011CE32 /* Release */,
			);
			defaultConfigurationIsVisible = 0;
			defaultConfigurationName = Release;
		};
		D3FE891E24AA53CD0011CE32 /* Build configuration list for PBXNativeTarget "TaskList" */ = {
			isa = XCConfigurationList;
			buildConfigurations = (
				D3FE891F24AA53CD0011CE32 /* Debug */,
				D3FE892024AA53CD0011CE32 /* Release */,
			);
			defaultConfigurationIsVisible = 0;
			defaultConfigurationName = Release;
		};
/* End XCConfigurationList section */
	};
	rootObject = D3FE890224AA53C90011CE32 /* Project object */;
}
